// !$*UTF8*$!
{
	archiveVersion = 1;
	classes = {
	};
	objectVersion = 48;
	objects = {

/* Begin PBXBuildFile section */
		2D3BBECA20564B30005B5807 /* AppDelegate.swift in Sources */ = {isa = PBXBuildFile; fileRef = 2D3BBEC920564B30005B5807 /* AppDelegate.swift */; };
		2D3BBECF20564B30005B5807 /* Main.storyboard in Resources */ = {isa = PBXBuildFile; fileRef = 2D3BBECD20564B30005B5807 /* Main.storyboard */; };
		2D3BBED120564B30005B5807 /* Assets.xcassets in Resources */ = {isa = PBXBuildFile; fileRef = 2D3BBED020564B30005B5807 /* Assets.xcassets */; };
		2D3BBED420564B30005B5807 /* LaunchScreen.storyboard in Resources */ = {isa = PBXBuildFile; fileRef = 2D3BBED220564B30005B5807 /* LaunchScreen.storyboard */; };
		2DE384182056500A00FAB0D4 /* Home.storyboard in Resources */ = {isa = PBXBuildFile; fileRef = 2DE384162056500A00FAB0D4 /* Home.storyboard */; };
		2DE3841B2056503400FAB0D4 /* Live.storyboard in Resources */ = {isa = PBXBuildFile; fileRef = 2DE384192056503400FAB0D4 /* Live.storyboard */; };
		2DE3841D2056505000FAB0D4 /* Find.storyboard in Resources */ = {isa = PBXBuildFile; fileRef = 2DE3841C2056505000FAB0D4 /* Find.storyboard */; };
		2DE384202056506400FAB0D4 /* Mine.storyboard in Resources */ = {isa = PBXBuildFile; fileRef = 2DE3841E2056506400FAB0D4 /* Mine.storyboard */; };
		2DE3842D205652C500FAB0D4 /* FoundationExtension.swift in Sources */ = {isa = PBXBuildFile; fileRef = 2DE38422205652C500FAB0D4 /* FoundationExtension.swift */; };
		2DE3842E205652C500FAB0D4 /* NotifcationCenterExtension.swift in Sources */ = {isa = PBXBuildFile; fileRef = 2DE38423205652C500FAB0D4 /* NotifcationCenterExtension.swift */; };
		2DE3842F205652C500FAB0D4 /* NSObjectExtension.swift in Sources */ = {isa = PBXBuildFile; fileRef = 2DE38424205652C500FAB0D4 /* NSObjectExtension.swift */; };
		2DE38430205652C500FAB0D4 /* NSUserDefaultsExtension.swift in Sources */ = {isa = PBXBuildFile; fileRef = 2DE38425205652C500FAB0D4 /* NSUserDefaultsExtension.swift */; };
		2DE38431205652C500FAB0D4 /* StringExtension.swift in Sources */ = {isa = PBXBuildFile; fileRef = 2DE38426205652C500FAB0D4 /* StringExtension.swift */; };
		2DE38432205652C500FAB0D4 /* UIApplicationExtension.swift in Sources */ = {isa = PBXBuildFile; fileRef = 2DE38427205652C500FAB0D4 /* UIApplicationExtension.swift */; };
		2DE38433205652C500FAB0D4 /* UIColorExtension.swift in Sources */ = {isa = PBXBuildFile; fileRef = 2DE38428205652C500FAB0D4 /* UIColorExtension.swift */; };
		2DE38434205652C500FAB0D4 /* UIImageExtension.swift in Sources */ = {isa = PBXBuildFile; fileRef = 2DE38429205652C500FAB0D4 /* UIImageExtension.swift */; };
		2DE38435205652C500FAB0D4 /* UIStoryboardExtension.swift in Sources */ = {isa = PBXBuildFile; fileRef = 2DE3842A205652C500FAB0D4 /* UIStoryboardExtension.swift */; };
		2DE38436205652C500FAB0D4 /* UIViewControllerExtension.swift in Sources */ = {isa = PBXBuildFile; fileRef = 2DE3842B205652C500FAB0D4 /* UIViewControllerExtension.swift */; };
		2DE38437205652C500FAB0D4 /* UIViewExtension.swift in Sources */ = {isa = PBXBuildFile; fileRef = 2DE3842C205652C500FAB0D4 /* UIViewExtension.swift */; };
/* End PBXBuildFile section */

/* Begin PBXFileReference section */
		2D3BBEC620564B30005B5807 /* dyzb_demo.app */ = {isa = PBXFileReference; explicitFileType = wrapper.application; includeInIndex = 0; path = dyzb_demo.app; sourceTree = BUILT_PRODUCTS_DIR; };
		2D3BBEC920564B30005B5807 /* AppDelegate.swift */ = {isa = PBXFileReference; lastKnownFileType = sourcecode.swift; path = AppDelegate.swift; sourceTree = "<group>"; };
		2D3BBECE20564B30005B5807 /* Base */ = {isa = PBXFileReference; lastKnownFileType = file.storyboard; name = Base; path = Base.lproj/Main.storyboard; sourceTree = "<group>"; };
		2D3BBED020564B30005B5807 /* Assets.xcassets */ = {isa = PBXFileReference; lastKnownFileType = folder.assetcatalog; path = Assets.xcassets; sourceTree = "<group>"; };
		2D3BBED320564B30005B5807 /* Base */ = {isa = PBXFileReference; lastKnownFileType = file.storyboard; name = Base; path = Base.lproj/LaunchScreen.storyboard; sourceTree = "<group>"; };
		2D3BBED520564B30005B5807 /* Info.plist */ = {isa = PBXFileReference; lastKnownFileType = text.plist.xml; path = Info.plist; sourceTree = "<group>"; };
		2DE384172056500A00FAB0D4 /* Base */ = {isa = PBXFileReference; lastKnownFileType = file.storyboard; name = Base; path = dyzb_demo/Classes/Main/Base.lproj/Home.storyboard; sourceTree = "<group>"; };
		2DE3841A2056503400FAB0D4 /* Base */ = {isa = PBXFileReference; lastKnownFileType = file.storyboard; name = Base; path = dyzb_demo/Classes/Main/Base.lproj/Live.storyboard; sourceTree = "<group>"; };
		2DE3841C2056505000FAB0D4 /* Find.storyboard */ = {isa = PBXFileReference; fileEncoding = 4; lastKnownFileType = file.storyboard; path = Find.storyboard; sourceTree = "<group>"; };
		2DE3841F2056506400FAB0D4 /* Base */ = {isa = PBXFileReference; lastKnownFileType = file.storyboard; name = Base; path = dyzb_demo/Classes/Main/Base.lproj/Mine.storyboard; sourceTree = "<group>"; };
		2DE38422205652C500FAB0D4 /* FoundationExtension.swift */ = {isa = PBXFileReference; fileEncoding = 4; lastKnownFileType = sourcecode.swift; path = FoundationExtension.swift; sourceTree = "<group>"; };
		2DE38423205652C500FAB0D4 /* NotifcationCenterExtension.swift */ = {isa = PBXFileReference; fileEncoding = 4; lastKnownFileType = sourcecode.swift; path = NotifcationCenterExtension.swift; sourceTree = "<group>"; };
		2DE38424205652C500FAB0D4 /* NSObjectExtension.swift */ = {isa = PBXFileReference; fileEncoding = 4; lastKnownFileType = sourcecode.swift; path = NSObjectExtension.swift; sourceTree = "<group>"; };
		2DE38425205652C500FAB0D4 /* NSUserDefaultsExtension.swift */ = {isa = PBXFileReference; fileEncoding = 4; lastKnownFileType = sourcecode.swift; path = NSUserDefaultsExtension.swift; sourceTree = "<group>"; };
		2DE38426205652C500FAB0D4 /* StringExtension.swift */ = {isa = PBXFileReference; fileEncoding = 4; lastKnownFileType = sourcecode.swift; path = StringExtension.swift; sourceTree = "<group>"; };
		2DE38427205652C500FAB0D4 /* UIApplicationExtension.swift */ = {isa = PBXFileReference; fileEncoding = 4; lastKnownFileType = sourcecode.swift; path = UIApplicationExtension.swift; sourceTree = "<group>"; };
		2DE38428205652C500FAB0D4 /* UIColorExtension.swift */ = {isa = PBXFileReference; fileEncoding = 4; lastKnownFileType = sourcecode.swift; path = UIColorExtension.swift; sourceTree = "<group>"; };
		2DE38429205652C500FAB0D4 /* UIImageExtension.swift */ = {isa = PBXFileReference; fileEncoding = 4; lastKnownFileType = sourcecode.swift; path = UIImageExtension.swift; sourceTree = "<group>"; };
		2DE3842A205652C500FAB0D4 /* UIStoryboardExtension.swift */ = {isa = PBXFileReference; fileEncoding = 4; lastKnownFileType = sourcecode.swift; path = UIStoryboardExtension.swift; sourceTree = "<group>"; };
		2DE3842B205652C500FAB0D4 /* UIViewControllerExtension.swift */ = {isa = PBXFileReference; fileEncoding = 4; lastKnownFileType = sourcecode.swift; path = UIViewControllerExtension.swift; sourceTree = "<group>"; };
		2DE3842C205652C500FAB0D4 /* UIViewExtension.swift */ = {isa = PBXFileReference; fileEncoding = 4; lastKnownFileType = sourcecode.swift; path = UIViewExtension.swift; sourceTree = "<group>"; };
/* End PBXFileReference section */

/* Begin PBXFrameworksBuildPhase section */
		2D3BBEC320564B30005B5807 /* Frameworks */ = {
			isa = PBXFrameworksBuildPhase;
			buildActionMask = 2147483647;
			files = (
			);
			runOnlyForDeploymentPostprocessing = 0;
		};
/* End PBXFrameworksBuildPhase section */

/* Begin PBXGroup section */
		2D3BBEBD20564B30005B5807 = {
			isa = PBXGroup;
			children = (
				2D3BBEC820564B30005B5807 /* dyzb_demo */,
				2D3BBEC720564B30005B5807 /* Products */,
			);
			sourceTree = "<group>";
		};
		2D3BBEC720564B30005B5807 /* Products */ = {
			isa = PBXGroup;
			children = (
				2D3BBEC620564B30005B5807 /* dyzb_demo.app */,
			);
			name = Products;
			sourceTree = "<group>";
		};
		2D3BBEC820564B30005B5807 /* dyzb_demo */ = {
			isa = PBXGroup;
			children = (
				2DE3840F20564FD300FAB0D4 /* Classes */,
				2D3BBEC920564B30005B5807 /* AppDelegate.swift */,
				2D3BBED020564B30005B5807 /* Assets.xcassets */,
				2D3BBED220564B30005B5807 /* LaunchScreen.storyboard */,
				2D3BBED520564B30005B5807 /* Info.plist */,
			);
			path = dyzb_demo;
			sourceTree = "<group>";
		};
		2DE3840F20564FD300FAB0D4 /* Classes */ = {
			isa = PBXGroup;
			children = (
				2DE3841320564FD300FAB0D4 /* Main */,
				2DE3841120564FD300FAB0D4 /* Home */,
				2DE3841020564FD300FAB0D4 /* Find */,
				2DE3841220564FD300FAB0D4 /* Live */,
				2DE3841420564FD300FAB0D4 /* Mine */,
				2DE3841520564FD300FAB0D4 /* Tools */,
			);
			path = Classes;
			sourceTree = "<group>";
		};
		2DE3841020564FD300FAB0D4 /* Find */ = {
			isa = PBXGroup;
			children = (
				2DE3841C2056505000FAB0D4 /* Find.storyboard */,
			);
			path = Find;
			sourceTree = "<group>";
		};
		2DE3841120564FD300FAB0D4 /* Home */ = {
			isa = PBXGroup;
			children = (
				2DE384162056500A00FAB0D4 /* Home.storyboard */,
			);
			path = Home;
			sourceTree = "<group>";
		};
		2DE3841220564FD300FAB0D4 /* Live */ = {
			isa = PBXGroup;
			children = (
				2DE384192056503400FAB0D4 /* Live.storyboard */,
			);
			path = Live;
			sourceTree = "<group>";
		};
		2DE3841320564FD300FAB0D4 /* Main */ = {
			isa = PBXGroup;
			children = (
				2D3BBECD20564B30005B5807 /* Main.storyboard */,
			);
			path = Main;
			sourceTree = "<group>";
		};
		2DE3841420564FD300FAB0D4 /* Mine */ = {
			isa = PBXGroup;
			children = (
				2DE3841E2056506400FAB0D4 /* Mine.storyboard */,
			);
			path = Mine;
			sourceTree = "<group>";
		};
		2DE3841520564FD300FAB0D4 /* Tools */ = {
			isa = PBXGroup;
			children = (
				2DE38421205652C500FAB0D4 /* Extension */,
			);
			path = Tools;
			sourceTree = "<group>";
		};
		2DE38421205652C500FAB0D4 /* Extension */ = {
			isa = PBXGroup;
			children = (
				2DE38422205652C500FAB0D4 /* FoundationExtension.swift */,
				2DE38423205652C500FAB0D4 /* NotifcationCenterExtension.swift */,
				2DE38424205652C500FAB0D4 /* NSObjectExtension.swift */,
				2DE38425205652C500FAB0D4 /* NSUserDefaultsExtension.swift */,
				2DE38426205652C500FAB0D4 /* StringExtension.swift */,
				2DE38427205652C500FAB0D4 /* UIApplicationExtension.swift */,
				2DE38428205652C500FAB0D4 /* UIColorExtension.swift */,
				2DE38429205652C500FAB0D4 /* UIImageExtension.swift */,
				2DE3842A205652C500FAB0D4 /* UIStoryboardExtension.swift */,
				2DE3842B205652C500FAB0D4 /* UIViewControllerExtension.swift */,
				2DE3842C205652C500FAB0D4 /* UIViewExtension.swift */,
			);
			path = Extension;
			sourceTree = "<group>";
		};
/* End PBXGroup section */

/* Begin PBXNativeTarget section */
		2D3BBEC520564B30005B5807 /* dyzb_demo */ = {
			isa = PBXNativeTarget;
			buildConfigurationList = 2D3BBED820564B30005B5807 /* Build configuration list for PBXNativeTarget "dyzb_demo" */;
			buildPhases = (
				2D3BBEC220564B30005B5807 /* Sources */,
				2D3BBEC320564B30005B5807 /* Frameworks */,
				2D3BBEC420564B30005B5807 /* Resources */,
			);
			buildRules = (
			);
			dependencies = (
			);
			name = dyzb_demo;
			productName = dyzb_demo;
			productReference = 2D3BBEC620564B30005B5807 /* dyzb_demo.app */;
			productType = "com.apple.product-type.application";
		};
/* End PBXNativeTarget section */

/* Begin PBXProject section */
		2D3BBEBE20564B30005B5807 /* Project object */ = {
			isa = PBXProject;
			attributes = {
				LastSwiftUpdateCheck = 0920;
				LastUpgradeCheck = 0920;
				ORGANIZATIONNAME = ganlin;
				TargetAttributes = {
					2D3BBEC520564B30005B5807 = {
						CreatedOnToolsVersion = 9.2;
						ProvisioningStyle = Automatic;
					};
				};
			};
			buildConfigurationList = 2D3BBEC120564B30005B5807 /* Build configuration list for PBXProject "dyzb_demo" */;
			compatibilityVersion = "Xcode 8.0";
			developmentRegion = en;
			hasScannedForEncodings = 0;
			knownRegions = (
				en,
				Base,
			);
			mainGroup = 2D3BBEBD20564B30005B5807;
			productRefGroup = 2D3BBEC720564B30005B5807 /* Products */;
			projectDirPath = "";
			projectRoot = "";
			targets = (
				2D3BBEC520564B30005B5807 /* dyzb_demo */,
			);
		};
/* End PBXProject section */

/* Begin PBXResourcesBuildPhase section */
		2D3BBEC420564B30005B5807 /* Resources */ = {
			isa = PBXResourcesBuildPhase;
			buildActionMask = 2147483647;
			files = (
				2D3BBED420564B30005B5807 /* LaunchScreen.storyboard in Resources */,
				2D3BBED120564B30005B5807 /* Assets.xcassets in Resources */,
				2D3BBECF20564B30005B5807 /* Main.storyboard in Resources */,
				2DE3841B2056503400FAB0D4 /* Live.storyboard in Resources */,
				2DE384202056506400FAB0D4 /* Mine.storyboard in Resources */,
				2DE384182056500A00FAB0D4 /* Home.storyboard in Resources */,
				2DE3841D2056505000FAB0D4 /* Find.storyboard in Resources */,
			);
			runOnlyForDeploymentPostprocessing = 0;
		};
/* End PBXResourcesBuildPhase section */

/* Begin PBXSourcesBuildPhase section */
		2D3BBEC220564B30005B5807 /* Sources */ = {
			isa = PBXSourcesBuildPhase;
			buildActionMask = 2147483647;
			files = (
				2DE3842E205652C500FAB0D4 /* NotifcationCenterExtension.swift in Sources */,
				2DE3842D205652C500FAB0D4 /* FoundationExtension.swift in Sources */,
				2DE38435205652C500FAB0D4 /* UIStoryboardExtension.swift in Sources */,
				2DE38431205652C500FAB0D4 /* StringExtension.swift in Sources */,
				2DE38433205652C500FAB0D4 /* UIColorExtension.swift in Sources */,
				2D3BBECA20564B30005B5807 /* AppDelegate.swift in Sources */,
				2DE38437205652C500FAB0D4 /* UIViewExtension.swift in Sources */,
				2DE38434205652C500FAB0D4 /* UIImageExtension.swift in Sources */,
				2DE3842F205652C500FAB0D4 /* NSObjectExtension.swift in Sources */,
				2DE38432205652C500FAB0D4 /* UIApplicationExtension.swift in Sources */,
				2DE38436205652C500FAB0D4 /* UIViewControllerExtension.swift in Sources */,
				2DE38430205652C500FAB0D4 /* NSUserDefaultsExtension.swift in Sources */,
			);
			runOnlyForDeploymentPostprocessing = 0;
		};
/* End PBXSourcesBuildPhase section */

/* Begin PBXVariantGroup section */
		2D3BBECD20564B30005B5807 /* Main.storyboard */ = {
			isa = PBXVariantGroup;
			children = (
				2D3BBECE20564B30005B5807 /* Base */,
			);
			name = Main.storyboard;
			sourceTree = "<group>";
		};
		2D3BBED220564B30005B5807 /* LaunchScreen.storyboard */ = {
			isa = PBXVariantGroup;
			children = (
				2D3BBED320564B30005B5807 /* Base */,
			);
			name = LaunchScreen.storyboard;
			sourceTree = "<group>";
		};
		2DE384162056500A00FAB0D4 /* Home.storyboard */ = {
			isa = PBXVariantGroup;
			children = (
				2DE384172056500A00FAB0D4 /* Base */,
			);
			name = Home.storyboard;
			sourceTree = "<group>";
		};
		2DE384192056503400FAB0D4 /* Live.storyboard */ = {
			isa = PBXVariantGroup;
			children = (
				2DE3841A2056503400FAB0D4 /* Base */,
			);
			name = Live.storyboard;
			sourceTree = "<group>";
		};
		2DE3841E2056506400FAB0D4 /* Mine.storyboard */ = {
			isa = PBXVariantGroup;
			children = (
				2DE3841F2056506400FAB0D4 /* Base */,
			);
			name = Mine.storyboard;
			sourceTree = "<group>";
		};
/* End PBXVariantGroup section */

/* Begin XCBuildConfiguration section */
		2D3BBED620564B30005B5807 /* Debug */ = {
			isa = XCBuildConfiguration;
			buildSettings = {
				ALWAYS_SEARCH_USER_PATHS = NO;
				CLANG_ANALYZER_NONNULL = YES;
				CLANG_ANALYZER_NUMBER_OBJECT_CONVERSION = YES_AGGRESSIVE;
				CLANG_CXX_LANGUAGE_STANDARD = "gnu++14";
				CLANG_CXX_LIBRARY = "libc++";
				CLANG_ENABLE_MODULES = YES;
				CLANG_ENABLE_OBJC_ARC = YES;
				CLANG_WARN_BLOCK_CAPTURE_AUTORELEASING = YES;
				CLANG_WARN_BOOL_CONVERSION = YES;
				CLANG_WARN_COMMA = YES;
				CLANG_WARN_CONSTANT_CONVERSION = YES;
				CLANG_WARN_DIRECT_OBJC_ISA_USAGE = YES_ERROR;
				CLANG_WARN_DOCUMENTATION_COMMENTS = YES;
				CLANG_WARN_EMPTY_BODY = YES;
				CLANG_WARN_ENUM_CONVERSION = YES;
				CLANG_WARN_INFINITE_RECURSION = YES;
				CLANG_WARN_INT_CONVERSION = YES;
				CLANG_WARN_NON_LITERAL_NULL_CONVERSION = YES;
				CLANG_WARN_OBJC_LITERAL_CONVERSION = YES;
				CLANG_WARN_OBJC_ROOT_CLASS = YES_ERROR;
				CLANG_WARN_RANGE_LOOP_ANALYSIS = YES;
				CLANG_WARN_STRICT_PROTOTYPES = YES;
				CLANG_WARN_SUSPICIOUS_MOVE = YES;
				CLANG_WARN_UNGUARDED_AVAILABILITY = YES_AGGRESSIVE;
				CLANG_WARN_UNREACHABLE_CODE = YES;
				CLANG_WARN__DUPLICATE_METHOD_MATCH = YES;
				CODE_SIGN_IDENTITY = "iPhone Developer";
				COPY_PHASE_STRIP = NO;
				DEBUG_INFORMATION_FORMAT = dwarf;
				ENABLE_STRICT_OBJC_MSGSEND = YES;
				ENABLE_TESTABILITY = YES;
				GCC_C_LANGUAGE_STANDARD = gnu11;
				GCC_DYNAMIC_NO_PIC = NO;
				GCC_NO_COMMON_BLOCKS = YES;
				GCC_OPTIMIZATION_LEVEL = 0;
				GCC_PREPROCESSOR_DEFINITIONS = (
					"DEBUG=1",
					"$(inherited)",
				);
				GCC_WARN_64_TO_32_BIT_CONVERSION = YES;
				GCC_WARN_ABOUT_RETURN_TYPE = YES_ERROR;
				GCC_WARN_UNDECLARED_SELECTOR = YES;
				GCC_WARN_UNINITIALIZED_AUTOS = YES_AGGRESSIVE;
				GCC_WARN_UNUSED_FUNCTION = YES;
				GCC_WARN_UNUSED_VARIABLE = YES;
				IPHONEOS_DEPLOYMENT_TARGET = 11.2;
				MTL_ENABLE_DEBUG_INFO = YES;
				ONLY_ACTIVE_ARCH = YES;
				SDKROOT = iphoneos;
				SWIFT_ACTIVE_COMPILATION_CONDITIONS = DEBUG;
				SWIFT_OPTIMIZATION_LEVEL = "-Onone";
			};
			name = Debug;
		};
		2D3BBED720564B30005B5807 /* Release */ = {
			isa = XCBuildConfiguration;
			buildSettings = {
				ALWAYS_SEARCH_USER_PATHS = NO;
				CLANG_ANALYZER_NONNULL = YES;
				CLANG_ANALYZER_NUMBER_OBJECT_CONVERSION = YES_AGGRESSIVE;
				CLANG_CXX_LANGUAGE_STANDARD = "gnu++14";
				CLANG_CXX_LIBRARY = "libc++";
				CLANG_ENABLE_MODULES = YES;
				CLANG_ENABLE_OBJC_ARC = YES;
				CLANG_WARN_BLOCK_CAPTURE_AUTORELEASING = YES;
				CLANG_WARN_BOOL_CONVERSION = YES;
				CLANG_WARN_COMMA = YES;
				CLANG_WARN_CONSTANT_CONVERSION = YES;
				CLANG_WARN_DIRECT_OBJC_ISA_USAGE = YES_ERROR;
				CLANG_WARN_DOCUMENTATION_COMMENTS = YES;
				CLANG_WARN_EMPTY_BODY = YES;
				CLANG_WARN_ENUM_CONVERSION = YES;
				CLANG_WARN_INFINITE_RECURSION = YES;
				CLANG_WARN_INT_CONVERSION = YES;
				CLANG_WARN_NON_LITERAL_NULL_CONVERSION = YES;
				CLANG_WARN_OBJC_LITERAL_CONVERSION = YES;
				CLANG_WARN_OBJC_ROOT_CLASS = YES_ERROR;
				CLANG_WARN_RANGE_LOOP_ANALYSIS = YES;
				CLANG_WARN_STRICT_PROTOTYPES = YES;
				CLANG_WARN_SUSPICIOUS_MOVE = YES;
				CLANG_WARN_UNGUARDED_AVAILABILITY = YES_AGGRESSIVE;
				CLANG_WARN_UNREACHABLE_CODE = YES;
				CLANG_WARN__DUPLICATE_METHOD_MATCH = YES;
				CODE_SIGN_IDENTITY = "iPhone Developer";
				COPY_PHASE_STRIP = NO;
				DEBUG_INFORMATION_FORMAT = "dwarf-with-dsym";
				ENABLE_NS_ASSERTIONS = NO;
				ENABLE_STRICT_OBJC_MSGSEND = YES;
				GCC_C_LANGUAGE_STANDARD = gnu11;
				GCC_NO_COMMON_BLOCKS = YES;
				GCC_WARN_64_TO_32_BIT_CONVERSION = YES;
				GCC_WARN_ABOUT_RETURN_TYPE = YES_ERROR;
				GCC_WARN_UNDECLARED_SELECTOR = YES;
				GCC_WARN_UNINITIALIZED_AUTOS = YES_AGGRESSIVE;
				GCC_WARN_UNUSED_FUNCTION = YES;
				GCC_WARN_UNUSED_VARIABLE = YES;
				IPHONEOS_DEPLOYMENT_TARGET = 11.2;
				MTL_ENABLE_DEBUG_INFO = NO;
				SDKROOT = iphoneos;
				SWIFT_OPTIMIZATION_LEVEL = "-Owholemodule";
				VALIDATE_PRODUCT = YES;
			};
			name = Release;
		};
		2D3BBED920564B30005B5807 /* Debug */ = {
			isa = XCBuildConfiguration;
			buildSettings = {
				ASSETCATALOG_COMPILER_APPICON_NAME = AppIcon;
				ASSETCATALOG_COMPILER_LAUNCHIMAGE_NAME = LaunchImage;
				CODE_SIGN_STYLE = Automatic;
				DEVELOPMENT_TEAM = RP68HWD698;
				INFOPLIST_FILE = dyzb_demo/Info.plist;
				IPHONEOS_DEPLOYMENT_TARGET = 9.0;
				LD_RUNPATH_SEARCH_PATHS = "$(inherited) @executable_path/Frameworks";
				PRODUCT_BUNDLE_IDENTIFIER = "zoesap.dyzb-demo";
				PRODUCT_NAME = "$(TARGET_NAME)";
				SWIFT_VERSION = 4.0;
				TARGETED_DEVICE_FAMILY = "1,2";
			};
			name = Debug;
		};
		2D3BBEDA20564B30005B5807 /* Release */ = {
			isa = XCBuildConfiguration;
			buildSettings = {
				ASSETCATALOG_COMPILER_APPICON_NAME = AppIcon;
				ASSETCATALOG_COMPILER_LAUNCHIMAGE_NAME = LaunchImage;
				CODE_SIGN_STYLE = Automatic;
				DEVELOPMENT_TEAM = RP68HWD698;
				INFOPLIST_FILE = dyzb_demo/Info.plist;
				IPHONEOS_DEPLOYMENT_TARGET = 9.0;
				LD_RUNPATH_SEARCH_PATHS = "$(inherited) @executable_path/Frameworks";
				PRODUCT_BUNDLE_IDENTIFIER = "zoesap.dyzb-demo";
				PRODUCT_NAME = "$(TARGET_NAME)";
				SWIFT_VERSION = 4.0;
				TARGETED_DEVICE_FAMILY = "1,2";
			};
			name = Release;
		};
/* End XCBuildConfiguration section */

/* Begin XCConfigurationList section */
		2D3BBEC120564B30005B5807 /* Build configuration list for PBXProject "dyzb_demo" */ = {
			isa = XCConfigurationList;
			buildConfigurations = (
				2D3BBED620564B30005B5807 /* Debug */,
				2D3BBED720564B30005B5807 /* Release */,
			);
			defaultConfigurationIsVisible = 0;
			defaultConfigurationName = Release;
		};
		2D3BBED820564B30005B5807 /* Build configuration list for PBXNativeTarget "dyzb_demo" */ = {
			isa = XCConfigurationList;
			buildConfigurations = (
				2D3BBED920564B30005B5807 /* Debug */,
				2D3BBEDA20564B30005B5807 /* Release */,
			);
			defaultConfigurationIsVisible = 0;
			defaultConfigurationName = Release;
		};
/* End XCConfigurationList section */
	};
	rootObject = 2D3BBEBE20564B30005B5807 /* Project object */;
}
